
Microsoft Visual Studio Solution File, Format Version 12.00
# Visual Studio Version 16
VisualStudioVersion = 16.0.32413.511
MinimumVisualStudioVersion = 10.0.40219.1
Project("{FAE04EC0-301F-11D3-BF4B-00C04F79EFBC}") = "Calculator", "Calculator.csproj", "{7AEEEE56-EBA4-4A0C-A0F6-FEE191D5AD99}"
EndProject
Global
	GlobalSection(SolutionConfigurationPlatforms) = preSolution
		Debug|Any CPU = Debug|Any CPU
		Release|Any CPU = Release|Any CPU
	EndGlobalSection
	GlobalSection(ProjectConfigurationPlatforms) = postSolution
		{7AEEEE56-EBA4-4A0C-A0F6-FEE191D5AD99}.Debug|Any CPU.ActiveCfg = Release|Any CPU
		{7AEEEE56-EBA4-4A0C-A0F6-FEE191D5AD99}.Debug|Any CPU.Build.0 = Release|Any CPU
		{7AEEEE56-EBA4-4A0C-A0F6-FEE191D5AD99}.Release|Any CPU.ActiveCfg = Release|Any CPU
		{7AEEEE56-EBA4-4A0C-A0F6-FEE191D5AD99}.Release|Any CPU.Build.0 = Release|Any CPU
	EndGlobalSection
	GlobalSection(SolutionProperties) = preSolution
		HideSolutionNode = FALSE
	EndGlobalSection
	GlobalSection(ExtensibilityGlobals) = postSolution
		SolutionGuid = {4E39C458-5F14-4CD4-9DA6-17D6C5762DEE}
	EndGlobalSection
EndGlobal
